
Microsoft Visual Studio Solution File, Format Version 12.00
# Visual Studio 15
VisualStudioVersion = 15.0.28010.2036
MinimumVisualStudioVersion = 10.0.40219.1
Project("{FAE04EC0-301F-11D3-BF4B-00C04F79EFBC}") = "kr", "kr\kr.csproj", "{56BD1FBC-834C-45B1-95FF-990A59D7B154}"
EndProject
Project("{FAE04EC0-301F-11D3-BF4B-00C04F79EFBC}") = "ClassLibrary1", "ClassLibrary1\ClassLibrary1.csproj", "{61148F73-454E-4886-9BCC-A3A34C6AF7E8}"
EndProject
Global
	GlobalSection(SolutionConfigurationPlatforms) = preSolution
		Debug|Any CPU = Debug|Any CPU
		Release|Any CPU = Release|Any CPU
	EndGlobalSection
	GlobalSection(ProjectConfigurationPlatforms) = postSolution
		{56BD1FBC-834C-45B1-95FF-990A59D7B154}.Debug|Any CPU.ActiveCfg = Debug|Any CPU
		{56BD1FBC-834C-45B1-95FF-990A59D7B154}.Debug|Any CPU.Build.0 = Debug|Any CPU
		{56BD1FBC-834C-45B1-95FF-990A59D7B154}.Release|Any CPU.ActiveCfg = Release|Any CPU
		{56BD1FBC-834C-45B1-95FF-990A59D7B154}.Release|Any CPU.Build.0 = Release|Any CPU
		{61148F73-454E-4886-9BCC-A3A34C6AF7E8}.Debug|Any CPU.ActiveCfg = Debug|Any CPU
		{61148F73-454E-4886-9BCC-A3A34C6AF7E8}.Debug|Any CPU.Build.0 = Debug|Any CPU
		{61148F73-454E-4886-9BCC-A3A34C6AF7E8}.Release|Any CPU.ActiveCfg = Release|Any CPU
		{61148F73-454E-4886-9BCC-A3A34C6AF7E8}.Release|Any CPU.Build.0 = Release|Any CPU
	EndGlobalSection
	GlobalSection(SolutionProperties) = preSolution
		HideSolutionNode = FALSE
	EndGlobalSection
	GlobalSection(ExtensibilityGlobals) = postSolution
		SolutionGuid = {2270EFA9-1DBB-4EBC-95D9-0B676CDF436C}
	EndGlobalSection
EndGlobal
