
Microsoft Visual Studio Solution File, Format Version 12.00
# Visual Studio 15
VisualStudioVersion = 15.0.28010.2036
MinimumVisualStudioVersion = 10.0.40219.1
Project("{FAE04EC0-301F-11D3-BF4B-00C04F79EFBC}") = "WindowsFormsApp1", "WindowsFormsApp1\WindowsFormsApp1.csproj", "{58E903CE-E6D2-4E83-A657-DE2F08A192DD}"
EndProject
Global
	GlobalSection(SolutionConfigurationPlatforms) = preSolution
		Debug|Any CPU = Debug|Any CPU
		Release|Any CPU = Release|Any CPU
	EndGlobalSection
	GlobalSection(ProjectConfigurationPlatforms) = postSolution
		{58E903CE-E6D2-4E83-A657-DE2F08A192DD}.Debug|Any CPU.ActiveCfg = Debug|Any CPU
		{58E903CE-E6D2-4E83-A657-DE2F08A192DD}.Debug|Any CPU.Build.0 = Debug|Any CPU
		{58E903CE-E6D2-4E83-A657-DE2F08A192DD}.Release|Any CPU.ActiveCfg = Release|Any CPU
		{58E903CE-E6D2-4E83-A657-DE2F08A192DD}.Release|Any CPU.Build.0 = Release|Any CPU
	EndGlobalSection
	GlobalSection(SolutionProperties) = preSolution
		HideSolutionNode = FALSE
	EndGlobalSection
	GlobalSection(ExtensibilityGlobals) = postSolution
		SolutionGuid = {3B01090B-34C5-4323-A407-7C19AE488E49}
	EndGlobalSection
EndGlobal
