
Microsoft Visual Studio Solution File, Format Version 12.00
# Visual Studio 15
VisualStudioVersion = 15.0.28010.2036
MinimumVisualStudioVersion = 10.0.40219.1
Project("{FAE04EC0-301F-11D3-BF4B-00C04F79EFBC}") = "VVpIMamov", "VVpIMamov\VVpIMamov.csproj", "{F8D5665F-441F-4B0D-8545-5DD63C695118}"
EndProject
Project("{FAE04EC0-301F-11D3-BF4B-00C04F79EFBC}") = "Plane", "Plane\Plane.csproj", "{1A4DB202-82E0-4654-9234-5A0133DDD7DF}"
EndProject
Global
	GlobalSection(SolutionConfigurationPlatforms) = preSolution
		Debug|Any CPU = Debug|Any CPU
		Release|Any CPU = Release|Any CPU
	EndGlobalSection
	GlobalSection(ProjectConfigurationPlatforms) = postSolution
		{F8D5665F-441F-4B0D-8545-5DD63C695118}.Debug|Any CPU.ActiveCfg = Debug|Any CPU
		{F8D5665F-441F-4B0D-8545-5DD63C695118}.Debug|Any CPU.Build.0 = Debug|Any CPU
		{F8D5665F-441F-4B0D-8545-5DD63C695118}.Release|Any CPU.ActiveCfg = Release|Any CPU
		{F8D5665F-441F-4B0D-8545-5DD63C695118}.Release|Any CPU.Build.0 = Release|Any CPU
		{1A4DB202-82E0-4654-9234-5A0133DDD7DF}.Debug|Any CPU.ActiveCfg = Debug|Any CPU
		{1A4DB202-82E0-4654-9234-5A0133DDD7DF}.Debug|Any CPU.Build.0 = Debug|Any CPU
		{1A4DB202-82E0-4654-9234-5A0133DDD7DF}.Release|Any CPU.ActiveCfg = Release|Any CPU
		{1A4DB202-82E0-4654-9234-5A0133DDD7DF}.Release|Any CPU.Build.0 = Release|Any CPU
	EndGlobalSection
	GlobalSection(SolutionProperties) = preSolution
		HideSolutionNode = FALSE
	EndGlobalSection
	GlobalSection(ExtensibilityGlobals) = postSolution
		SolutionGuid = {F542489D-17D1-4B12-9DE7-727D5948125C}
	EndGlobalSection
EndGlobal
