
Microsoft Visual Studio Solution File, Format Version 12.00
# Visual Studio 15
VisualStudioVersion = 15.0.28010.2003
MinimumVisualStudioVersion = 10.0.40219.1
Project("{FAE04EC0-301F-11D3-BF4B-00C04F79EFBC}") = "INFORMATIKS_1_MASSIVES^2", "INFORMATIKS_1_MASSIVES^2\INFORMATIKS_1_MASSIVES^2.csproj", "{5587A104-EF85-4BB9-8831-F2DF36156C23}"
EndProject
Global
	GlobalSection(SolutionConfigurationPlatforms) = preSolution
		Debug|Any CPU = Debug|Any CPU
		Release|Any CPU = Release|Any CPU
	EndGlobalSection
	GlobalSection(ProjectConfigurationPlatforms) = postSolution
		{5587A104-EF85-4BB9-8831-F2DF36156C23}.Debug|Any CPU.ActiveCfg = Debug|Any CPU
		{5587A104-EF85-4BB9-8831-F2DF36156C23}.Debug|Any CPU.Build.0 = Debug|Any CPU
		{5587A104-EF85-4BB9-8831-F2DF36156C23}.Release|Any CPU.ActiveCfg = Release|Any CPU
		{5587A104-EF85-4BB9-8831-F2DF36156C23}.Release|Any CPU.Build.0 = Release|Any CPU
	EndGlobalSection
	GlobalSection(SolutionProperties) = preSolution
		HideSolutionNode = FALSE
	EndGlobalSection
	GlobalSection(ExtensibilityGlobals) = postSolution
		SolutionGuid = {F2E1EAED-0C06-4138-A9DE-F7ECC7CBF329}
	EndGlobalSection
EndGlobal
