
Microsoft Visual Studio Solution File, Format Version 12.00
# Visual Studio 15
VisualStudioVersion = 15.0.28010.2036
MinimumVisualStudioVersion = 10.0.40219.1
Project("{FAE04EC0-301F-11D3-BF4B-00C04F79EFBC}") = "экэрваринат1", "экэрваринат1\экэрваринат1.csproj", "{A75D7578-3BA4-4B2D-AABA-A2BF3B3DF5CD}"
EndProject
Project("{FAE04EC0-301F-11D3-BF4B-00C04F79EFBC}") = "ClassLibrary1", "ClassLibrary1\ClassLibrary1.csproj", "{E9A6FF5F-0E61-4764-A132-4D25ED276A85}"
EndProject
Global
	GlobalSection(SolutionConfigurationPlatforms) = preSolution
		Debug|Any CPU = Debug|Any CPU
		Release|Any CPU = Release|Any CPU
	EndGlobalSection
	GlobalSection(ProjectConfigurationPlatforms) = postSolution
		{A75D7578-3BA4-4B2D-AABA-A2BF3B3DF5CD}.Debug|Any CPU.ActiveCfg = Debug|Any CPU
		{A75D7578-3BA4-4B2D-AABA-A2BF3B3DF5CD}.Debug|Any CPU.Build.0 = Debug|Any CPU
		{A75D7578-3BA4-4B2D-AABA-A2BF3B3DF5CD}.Release|Any CPU.ActiveCfg = Release|Any CPU
		{A75D7578-3BA4-4B2D-AABA-A2BF3B3DF5CD}.Release|Any CPU.Build.0 = Release|Any CPU
		{E9A6FF5F-0E61-4764-A132-4D25ED276A85}.Debug|Any CPU.ActiveCfg = Debug|Any CPU
		{E9A6FF5F-0E61-4764-A132-4D25ED276A85}.Debug|Any CPU.Build.0 = Debug|Any CPU
		{E9A6FF5F-0E61-4764-A132-4D25ED276A85}.Release|Any CPU.ActiveCfg = Release|Any CPU
		{E9A6FF5F-0E61-4764-A132-4D25ED276A85}.Release|Any CPU.Build.0 = Release|Any CPU
	EndGlobalSection
	GlobalSection(SolutionProperties) = preSolution
		HideSolutionNode = FALSE
	EndGlobalSection
	GlobalSection(ExtensibilityGlobals) = postSolution
		SolutionGuid = {B6982F83-96F7-4AE2-A822-521E704282EC}
	EndGlobalSection
EndGlobal
