
Microsoft Visual Studio Solution File, Format Version 12.00
# Visual Studio 15
VisualStudioVersion = 15.0.28010.2003
MinimumVisualStudioVersion = 10.0.40219.1
Project("{FAE04EC0-301F-11D3-BF4B-00C04F79EFBC}") = "3hw4", "3hw4\3hw4.csproj", "{5E754E81-49BD-4296-8161-95DA2B77034D}"
EndProject
Project("{FAE04EC0-301F-11D3-BF4B-00C04F79EFBC}") = "ClassLibrary1", "ClassLibrary1\ClassLibrary1.csproj", "{C76E526F-AAC9-4064-9C6F-3D674A06F2D3}"
EndProject
Global
	GlobalSection(SolutionConfigurationPlatforms) = preSolution
		Debug|Any CPU = Debug|Any CPU
		Release|Any CPU = Release|Any CPU
	EndGlobalSection
	GlobalSection(ProjectConfigurationPlatforms) = postSolution
		{5E754E81-49BD-4296-8161-95DA2B77034D}.Debug|Any CPU.ActiveCfg = Debug|Any CPU
		{5E754E81-49BD-4296-8161-95DA2B77034D}.Debug|Any CPU.Build.0 = Debug|Any CPU
		{5E754E81-49BD-4296-8161-95DA2B77034D}.Release|Any CPU.ActiveCfg = Release|Any CPU
		{5E754E81-49BD-4296-8161-95DA2B77034D}.Release|Any CPU.Build.0 = Release|Any CPU
		{C76E526F-AAC9-4064-9C6F-3D674A06F2D3}.Debug|Any CPU.ActiveCfg = Debug|Any CPU
		{C76E526F-AAC9-4064-9C6F-3D674A06F2D3}.Debug|Any CPU.Build.0 = Debug|Any CPU
		{C76E526F-AAC9-4064-9C6F-3D674A06F2D3}.Release|Any CPU.ActiveCfg = Release|Any CPU
		{C76E526F-AAC9-4064-9C6F-3D674A06F2D3}.Release|Any CPU.Build.0 = Release|Any CPU
	EndGlobalSection
	GlobalSection(SolutionProperties) = preSolution
		HideSolutionNode = FALSE
	EndGlobalSection
	GlobalSection(ExtensibilityGlobals) = postSolution
		SolutionGuid = {F3BB0B3A-A38A-4642-BFAE-39F0403DF5AE}
	EndGlobalSection
EndGlobal
