
Microsoft Visual Studio Solution File, Format Version 12.00
# Visual Studio 15
VisualStudioVersion = 15.0.28010.2003
MinimumVisualStudioVersion = 10.0.40219.1
Project("{FAE04EC0-301F-11D3-BF4B-00C04F79EFBC}") = "hw5massives", "hw5massives\hw5massives.csproj", "{F05A8389-6606-4987-B3DC-454DB7B73FD6}"
EndProject
Project("{FAE04EC0-301F-11D3-BF4B-00C04F79EFBC}") = "2", "2\2.csproj", "{AD6138DD-5E2F-471C-A34D-326B2820604E}"
EndProject
Project("{FAE04EC0-301F-11D3-BF4B-00C04F79EFBC}") = "1", "1\1.csproj", "{0354B6BD-F238-4DAC-8196-EC9286BA7F85}"
EndProject
Project("{FAE04EC0-301F-11D3-BF4B-00C04F79EFBC}") = "3", "3\3.csproj", "{866A73D5-1ED6-48C7-90DA-D9F803FD5D2E}"
EndProject
Project("{FAE04EC0-301F-11D3-BF4B-00C04F79EFBC}") = "4", "4\4.csproj", "{DCF95615-710C-422A-93EB-B4A549759002}"
EndProject
Project("{FAE04EC0-301F-11D3-BF4B-00C04F79EFBC}") = "5", "5\5.csproj", "{C55DA2E9-05D0-473E-B2A9-76206C557DCE}"
EndProject
Global
	GlobalSection(SolutionConfigurationPlatforms) = preSolution
		Debug|Any CPU = Debug|Any CPU
		Release|Any CPU = Release|Any CPU
	EndGlobalSection
	GlobalSection(ProjectConfigurationPlatforms) = postSolution
		{F05A8389-6606-4987-B3DC-454DB7B73FD6}.Debug|Any CPU.ActiveCfg = Debug|Any CPU
		{F05A8389-6606-4987-B3DC-454DB7B73FD6}.Debug|Any CPU.Build.0 = Debug|Any CPU
		{F05A8389-6606-4987-B3DC-454DB7B73FD6}.Release|Any CPU.ActiveCfg = Release|Any CPU
		{F05A8389-6606-4987-B3DC-454DB7B73FD6}.Release|Any CPU.Build.0 = Release|Any CPU
		{AD6138DD-5E2F-471C-A34D-326B2820604E}.Debug|Any CPU.ActiveCfg = Debug|Any CPU
		{AD6138DD-5E2F-471C-A34D-326B2820604E}.Debug|Any CPU.Build.0 = Debug|Any CPU
		{AD6138DD-5E2F-471C-A34D-326B2820604E}.Release|Any CPU.ActiveCfg = Release|Any CPU
		{AD6138DD-5E2F-471C-A34D-326B2820604E}.Release|Any CPU.Build.0 = Release|Any CPU
		{0354B6BD-F238-4DAC-8196-EC9286BA7F85}.Debug|Any CPU.ActiveCfg = Debug|Any CPU
		{0354B6BD-F238-4DAC-8196-EC9286BA7F85}.Debug|Any CPU.Build.0 = Debug|Any CPU
		{0354B6BD-F238-4DAC-8196-EC9286BA7F85}.Release|Any CPU.ActiveCfg = Release|Any CPU
		{0354B6BD-F238-4DAC-8196-EC9286BA7F85}.Release|Any CPU.Build.0 = Release|Any CPU
		{866A73D5-1ED6-48C7-90DA-D9F803FD5D2E}.Debug|Any CPU.ActiveCfg = Debug|Any CPU
		{866A73D5-1ED6-48C7-90DA-D9F803FD5D2E}.Debug|Any CPU.Build.0 = Debug|Any CPU
		{866A73D5-1ED6-48C7-90DA-D9F803FD5D2E}.Release|Any CPU.ActiveCfg = Release|Any CPU
		{866A73D5-1ED6-48C7-90DA-D9F803FD5D2E}.Release|Any CPU.Build.0 = Release|Any CPU
		{DCF95615-710C-422A-93EB-B4A549759002}.Debug|Any CPU.ActiveCfg = Debug|Any CPU
		{DCF95615-710C-422A-93EB-B4A549759002}.Debug|Any CPU.Build.0 = Debug|Any CPU
		{DCF95615-710C-422A-93EB-B4A549759002}.Release|Any CPU.ActiveCfg = Release|Any CPU
		{DCF95615-710C-422A-93EB-B4A549759002}.Release|Any CPU.Build.0 = Release|Any CPU
		{C55DA2E9-05D0-473E-B2A9-76206C557DCE}.Debug|Any CPU.ActiveCfg = Debug|Any CPU
		{C55DA2E9-05D0-473E-B2A9-76206C557DCE}.Debug|Any CPU.Build.0 = Debug|Any CPU
		{C55DA2E9-05D0-473E-B2A9-76206C557DCE}.Release|Any CPU.ActiveCfg = Release|Any CPU
		{C55DA2E9-05D0-473E-B2A9-76206C557DCE}.Release|Any CPU.Build.0 = Release|Any CPU
	EndGlobalSection
	GlobalSection(SolutionProperties) = preSolution
		HideSolutionNode = FALSE
	EndGlobalSection
	GlobalSection(ExtensibilityGlobals) = postSolution
		SolutionGuid = {D4760923-B8BE-4761-8233-A26BFDB1A5F6}
	EndGlobalSection
EndGlobal
