
Microsoft Visual Studio Solution File, Format Version 12.00
# Visual Studio 15
VisualStudioVersion = 15.0.28010.2036
MinimumVisualStudioVersion = 10.0.40219.1
Project("{FAE04EC0-301F-11D3-BF4B-00C04F79EFBC}") = "экр2варинат1", "экр2варинат1\экр2варинат1.csproj", "{88579BA9-13CE-42B6-85FA-ADF0A9265F37}"
EndProject
Project("{FAE04EC0-301F-11D3-BF4B-00C04F79EFBC}") = "FunctionLib", "FunctionLib\FunctionLib.csproj", "{A490BFF5-1840-486A-91A6-019BDCE6C88D}"
EndProject
Global
	GlobalSection(SolutionConfigurationPlatforms) = preSolution
		Debug|Any CPU = Debug|Any CPU
		Release|Any CPU = Release|Any CPU
	EndGlobalSection
	GlobalSection(ProjectConfigurationPlatforms) = postSolution
		{88579BA9-13CE-42B6-85FA-ADF0A9265F37}.Debug|Any CPU.ActiveCfg = Debug|Any CPU
		{88579BA9-13CE-42B6-85FA-ADF0A9265F37}.Debug|Any CPU.Build.0 = Debug|Any CPU
		{88579BA9-13CE-42B6-85FA-ADF0A9265F37}.Release|Any CPU.ActiveCfg = Release|Any CPU
		{88579BA9-13CE-42B6-85FA-ADF0A9265F37}.Release|Any CPU.Build.0 = Release|Any CPU
		{A490BFF5-1840-486A-91A6-019BDCE6C88D}.Debug|Any CPU.ActiveCfg = Debug|Any CPU
		{A490BFF5-1840-486A-91A6-019BDCE6C88D}.Debug|Any CPU.Build.0 = Debug|Any CPU
		{A490BFF5-1840-486A-91A6-019BDCE6C88D}.Release|Any CPU.ActiveCfg = Release|Any CPU
		{A490BFF5-1840-486A-91A6-019BDCE6C88D}.Release|Any CPU.Build.0 = Release|Any CPU
	EndGlobalSection
	GlobalSection(SolutionProperties) = preSolution
		HideSolutionNode = FALSE
	EndGlobalSection
	GlobalSection(ExtensibilityGlobals) = postSolution
		SolutionGuid = {B26EA54E-36E8-4FA0-92C7-4DEED3C5CF3F}
	EndGlobalSection
EndGlobal
