
Microsoft Visual Studio Solution File, Format Version 12.00
# Visual Studio 15
VisualStudioVersion = 15.0.28010.2036
MinimumVisualStudioVersion = 10.0.40219.1
Project("{FAE04EC0-301F-11D3-BF4B-00C04F79EFBC}") = "!!!ЭкрВ1", "!!!ЭкрВ1\!!!ЭкрВ1.csproj", "{F6EF2937-7C21-4BCA-A60D-501581B123B9}"
EndProject
Project("{FAE04EC0-301F-11D3-BF4B-00C04F79EFBC}") = "FunctionLib", "ClassLibrary1\FunctionLib.csproj", "{47A46EC9-4BFE-480D-AAA5-A485992758DD}"
EndProject
Global
	GlobalSection(SolutionConfigurationPlatforms) = preSolution
		Debug|Any CPU = Debug|Any CPU
		Release|Any CPU = Release|Any CPU
	EndGlobalSection
	GlobalSection(ProjectConfigurationPlatforms) = postSolution
		{F6EF2937-7C21-4BCA-A60D-501581B123B9}.Debug|Any CPU.ActiveCfg = Debug|Any CPU
		{F6EF2937-7C21-4BCA-A60D-501581B123B9}.Debug|Any CPU.Build.0 = Debug|Any CPU
		{F6EF2937-7C21-4BCA-A60D-501581B123B9}.Release|Any CPU.ActiveCfg = Release|Any CPU
		{F6EF2937-7C21-4BCA-A60D-501581B123B9}.Release|Any CPU.Build.0 = Release|Any CPU
		{47A46EC9-4BFE-480D-AAA5-A485992758DD}.Debug|Any CPU.ActiveCfg = Debug|Any CPU
		{47A46EC9-4BFE-480D-AAA5-A485992758DD}.Debug|Any CPU.Build.0 = Debug|Any CPU
		{47A46EC9-4BFE-480D-AAA5-A485992758DD}.Release|Any CPU.ActiveCfg = Release|Any CPU
		{47A46EC9-4BFE-480D-AAA5-A485992758DD}.Release|Any CPU.Build.0 = Release|Any CPU
	EndGlobalSection
	GlobalSection(SolutionProperties) = preSolution
		HideSolutionNode = FALSE
	EndGlobalSection
	GlobalSection(ExtensibilityGlobals) = postSolution
		SolutionGuid = {D5226AD9-5125-4B4B-B66F-E2CC9274A397}
	EndGlobalSection
EndGlobal
