
Microsoft Visual Studio Solution File, Format Version 12.00
# Visual Studio 15
VisualStudioVersion = 15.0.28010.2036
MinimumVisualStudioVersion = 10.0.40219.1
Project("{FAE04EC0-301F-11D3-BF4B-00C04F79EFBC}") = "WindowsFormsApp3", "WindowsFormsApp3\WindowsFormsApp3.csproj", "{EDEF287D-DCA1-429F-88D2-93C410E79D9B}"
EndProject
Global
	GlobalSection(SolutionConfigurationPlatforms) = preSolution
		Debug|Any CPU = Debug|Any CPU
		Release|Any CPU = Release|Any CPU
	EndGlobalSection
	GlobalSection(ProjectConfigurationPlatforms) = postSolution
		{EDEF287D-DCA1-429F-88D2-93C410E79D9B}.Debug|Any CPU.ActiveCfg = Debug|Any CPU
		{EDEF287D-DCA1-429F-88D2-93C410E79D9B}.Debug|Any CPU.Build.0 = Debug|Any CPU
		{EDEF287D-DCA1-429F-88D2-93C410E79D9B}.Release|Any CPU.ActiveCfg = Release|Any CPU
		{EDEF287D-DCA1-429F-88D2-93C410E79D9B}.Release|Any CPU.Build.0 = Release|Any CPU
	EndGlobalSection
	GlobalSection(SolutionProperties) = preSolution
		HideSolutionNode = FALSE
	EndGlobalSection
	GlobalSection(ExtensibilityGlobals) = postSolution
		SolutionGuid = {8A0C0221-7BD0-443D-BB39-557C5604B27D}
	EndGlobalSection
EndGlobal
