
Microsoft Visual Studio Solution File, Format Version 12.00
# Visual Studio 15
VisualStudioVersion = 15.0.28010.2036
MinimumVisualStudioVersion = 10.0.40219.1
Project("{FAE04EC0-301F-11D3-BF4B-00C04F79EFBC}") = "экрв1вариант2", "экрв1вариант2\экрв1вариант2.csproj", "{06A768C1-68D0-4E89-A0FC-F3904DFEC8B8}"
EndProject
Project("{FAE04EC0-301F-11D3-BF4B-00C04F79EFBC}") = "PropertyLib", "PropertyLib\PropertyLib.csproj", "{ED0F4890-1942-40B1-80EE-39DF47FDEA2E}"
EndProject
Global
	GlobalSection(SolutionConfigurationPlatforms) = preSolution
		Debug|Any CPU = Debug|Any CPU
		Release|Any CPU = Release|Any CPU
	EndGlobalSection
	GlobalSection(ProjectConfigurationPlatforms) = postSolution
		{06A768C1-68D0-4E89-A0FC-F3904DFEC8B8}.Debug|Any CPU.ActiveCfg = Debug|Any CPU
		{06A768C1-68D0-4E89-A0FC-F3904DFEC8B8}.Debug|Any CPU.Build.0 = Debug|Any CPU
		{06A768C1-68D0-4E89-A0FC-F3904DFEC8B8}.Release|Any CPU.ActiveCfg = Release|Any CPU
		{06A768C1-68D0-4E89-A0FC-F3904DFEC8B8}.Release|Any CPU.Build.0 = Release|Any CPU
		{ED0F4890-1942-40B1-80EE-39DF47FDEA2E}.Debug|Any CPU.ActiveCfg = Debug|Any CPU
		{ED0F4890-1942-40B1-80EE-39DF47FDEA2E}.Debug|Any CPU.Build.0 = Debug|Any CPU
		{ED0F4890-1942-40B1-80EE-39DF47FDEA2E}.Release|Any CPU.ActiveCfg = Release|Any CPU
		{ED0F4890-1942-40B1-80EE-39DF47FDEA2E}.Release|Any CPU.Build.0 = Release|Any CPU
	EndGlobalSection
	GlobalSection(SolutionProperties) = preSolution
		HideSolutionNode = FALSE
	EndGlobalSection
	GlobalSection(ExtensibilityGlobals) = postSolution
		SolutionGuid = {34F19340-4E2E-456F-B9CB-E1F337990586}
	EndGlobalSection
EndGlobal
