
Microsoft Visual Studio Solution File, Format Version 12.00
# Visual Studio 15
VisualStudioVersion = 15.0.28010.2003
MinimumVisualStudioVersion = 10.0.40219.1
Project("{FAE04EC0-301F-11D3-BF4B-00C04F79EFBC}") = "controlnaya", "controlnaya\controlnaya.csproj", "{9B2DAD81-A484-4B63-BF61-F5D420A188C1}"
EndProject
Global
	GlobalSection(SolutionConfigurationPlatforms) = preSolution
		Debug|Any CPU = Debug|Any CPU
		Release|Any CPU = Release|Any CPU
	EndGlobalSection
	GlobalSection(ProjectConfigurationPlatforms) = postSolution
		{9B2DAD81-A484-4B63-BF61-F5D420A188C1}.Debug|Any CPU.ActiveCfg = Debug|Any CPU
		{9B2DAD81-A484-4B63-BF61-F5D420A188C1}.Debug|Any CPU.Build.0 = Debug|Any CPU
		{9B2DAD81-A484-4B63-BF61-F5D420A188C1}.Release|Any CPU.ActiveCfg = Release|Any CPU
		{9B2DAD81-A484-4B63-BF61-F5D420A188C1}.Release|Any CPU.Build.0 = Release|Any CPU
	EndGlobalSection
	GlobalSection(SolutionProperties) = preSolution
		HideSolutionNode = FALSE
	EndGlobalSection
	GlobalSection(ExtensibilityGlobals) = postSolution
		SolutionGuid = {835B4AFD-4F1A-4228-BD84-3E959284B1AD}
	EndGlobalSection
EndGlobal
