
Microsoft Visual Studio Solution File, Format Version 12.00
# Visual Studio 15
VisualStudioVersion = 15.0.28010.2036
MinimumVisualStudioVersion = 10.0.40219.1
Project("{FAE04EC0-301F-11D3-BF4B-00C04F79EFBC}") = "ConsoleApp3", "ConsoleApp3\ConsoleApp3.csproj", "{9874F7AD-DDA8-4016-AD19-5AEE34660F87}"
EndProject
Project("{FAE04EC0-301F-11D3-BF4B-00C04F79EFBC}") = "TrianguleLibrary", "TrianguleLibrary\TrianguleLibrary.csproj", "{C48E8687-D717-4CF1-BD8B-377B2263F7BC}"
EndProject
Global
	GlobalSection(SolutionConfigurationPlatforms) = preSolution
		Debug|Any CPU = Debug|Any CPU
		Release|Any CPU = Release|Any CPU
	EndGlobalSection
	GlobalSection(ProjectConfigurationPlatforms) = postSolution
		{9874F7AD-DDA8-4016-AD19-5AEE34660F87}.Debug|Any CPU.ActiveCfg = Debug|Any CPU
		{9874F7AD-DDA8-4016-AD19-5AEE34660F87}.Debug|Any CPU.Build.0 = Debug|Any CPU
		{9874F7AD-DDA8-4016-AD19-5AEE34660F87}.Release|Any CPU.ActiveCfg = Release|Any CPU
		{9874F7AD-DDA8-4016-AD19-5AEE34660F87}.Release|Any CPU.Build.0 = Release|Any CPU
		{C48E8687-D717-4CF1-BD8B-377B2263F7BC}.Debug|Any CPU.ActiveCfg = Debug|Any CPU
		{C48E8687-D717-4CF1-BD8B-377B2263F7BC}.Debug|Any CPU.Build.0 = Debug|Any CPU
		{C48E8687-D717-4CF1-BD8B-377B2263F7BC}.Release|Any CPU.ActiveCfg = Release|Any CPU
		{C48E8687-D717-4CF1-BD8B-377B2263F7BC}.Release|Any CPU.Build.0 = Release|Any CPU
	EndGlobalSection
	GlobalSection(SolutionProperties) = preSolution
		HideSolutionNode = FALSE
	EndGlobalSection
	GlobalSection(ExtensibilityGlobals) = postSolution
		SolutionGuid = {3729950B-AD8E-4346-ABE4-896697446B15}
	EndGlobalSection
EndGlobal
